
Microsoft Visual Studio Solution File, Format Version 12.00
# Visual Studio 15
VisualStudioVersion = 15.0.28307.1082
MinimumVisualStudioVersion = 10.0.40219.1
Project("{FAE04EC0-301F-11D3-BF4B-00C04F79EFBC}") = "WcfExamen", "WcfExamen\WcfExamen.csproj", "{AB0F55F4-01A4-4FB0-976A-9B50B6CC3244}"
EndProject
Global
	GlobalSection(SolutionConfigurationPlatforms) = preSolution
		Debug|Any CPU = Debug|Any CPU
		Release|Any CPU = Release|Any CPU
	EndGlobalSection
	GlobalSection(ProjectConfigurationPlatforms) = postSolution
		{AB0F55F4-01A4-4FB0-976A-9B50B6CC3244}.Debug|Any CPU.ActiveCfg = Debug|Any CPU
		{AB0F55F4-01A4-4FB0-976A-9B50B6CC3244}.Debug|Any CPU.Build.0 = Debug|Any CPU
		{AB0F55F4-01A4-4FB0-976A-9B50B6CC3244}.Release|Any CPU.ActiveCfg = Release|Any CPU
		{AB0F55F4-01A4-4FB0-976A-9B50B6CC3244}.Release|Any CPU.Build.0 = Release|Any CPU
	EndGlobalSection
	GlobalSection(SolutionProperties) = preSolution
		HideSolutionNode = FALSE
	EndGlobalSection
	GlobalSection(ExtensibilityGlobals) = postSolution
		SolutionGuid = {75F2220F-6BAD-4BF6-AD3B-C736BBF0C54E}
	EndGlobalSection
EndGlobal
